// !$*UTF8*$!
{
	archiveVersion = 1;
	classes = {
	};
	objectVersion = 50;
	objects = {

/* Begin PBXBuildFile section */
		40348D7B246204D300D28898 /* AppDelegate.swift in Sources */ = {isa = PBXBuildFile; fileRef = 40348D7A246204D300D28898 /* AppDelegate.swift */; };
		40348D7D246204D300D28898 /* SceneDelegate.swift in Sources */ = {isa = PBXBuildFile; fileRef = 40348D7C246204D300D28898 /* SceneDelegate.swift */; };
		40348D82246204D300D28898 /* Main.storyboard in Resources */ = {isa = PBXBuildFile; fileRef = 40348D80246204D300D28898 /* Main.storyboard */; };
		40348D84246204D600D28898 /* Assets.xcassets in Resources */ = {isa = PBXBuildFile; fileRef = 40348D83246204D600D28898 /* Assets.xcassets */; };
		40348D87246204D600D28898 /* LaunchScreen.storyboard in Resources */ = {isa = PBXBuildFile; fileRef = 40348D85246204D600D28898 /* LaunchScreen.storyboard */; };
		40348D8F2462089D00D28898 /* GigsTableViewController.swift in Sources */ = {isa = PBXBuildFile; fileRef = 40348D8E2462089D00D28898 /* GigsTableViewController.swift */; };
		406B2E43246217E400E593D3 /* LoginViewController.swift in Sources */ = {isa = PBXBuildFile; fileRef = 406B2E42246217E400E593D3 /* LoginViewController.swift */; };
		406B2E452462185A00E593D3 /* GigDetailViewController.swift in Sources */ = {isa = PBXBuildFile; fileRef = 406B2E442462185A00E593D3 /* GigDetailViewController.swift */; };
		406B2E482462198200E593D3 /* GigController.swift in Sources */ = {isa = PBXBuildFile; fileRef = 406B2E472462198200E593D3 /* GigController.swift */; };
		406B2E4A24621A3700E593D3 /* Bearer.swift in Sources */ = {isa = PBXBuildFile; fileRef = 406B2E4924621A3700E593D3 /* Bearer.swift */; };
		406B2E4C24621AA300E593D3 /* User.swift in Sources */ = {isa = PBXBuildFile; fileRef = 406B2E4B24621AA300E593D3 /* User.swift */; };
		406B2E4E24621AB300E593D3 /* Gig.swift in Sources */ = {isa = PBXBuildFile; fileRef = 406B2E4D24621AB300E593D3 /* Gig.swift */; };
/* End PBXBuildFile section */

/* Begin PBXFileReference section */
		40348D77246204D300D28898 /* Gigs1.app */ = {isa = PBXFileReference; explicitFileType = wrapper.application; includeInIndex = 0; path = Gigs1.app; sourceTree = BUILT_PRODUCTS_DIR; };
		40348D7A246204D300D28898 /* AppDelegate.swift */ = {isa = PBXFileReference; lastKnownFileType = sourcecode.swift; path = AppDelegate.swift; sourceTree = "<group>"; };
		40348D7C246204D300D28898 /* SceneDelegate.swift */ = {isa = PBXFileReference; lastKnownFileType = sourcecode.swift; path = SceneDelegate.swift; sourceTree = "<group>"; };
		40348D81246204D300D28898 /* Base */ = {isa = PBXFileReference; lastKnownFileType = file.storyboard; name = Base; path = Base.lproj/Main.storyboard; sourceTree = "<group>"; };
		40348D83246204D600D28898 /* Assets.xcassets */ = {isa = PBXFileReference; lastKnownFileType = folder.assetcatalog; path = Assets.xcassets; sourceTree = "<group>"; };
		40348D86246204D600D28898 /* Base */ = {isa = PBXFileReference; lastKnownFileType = file.storyboard; name = Base; path = Base.lproj/LaunchScreen.storyboard; sourceTree = "<group>"; };
		40348D88246204D600D28898 /* Info.plist */ = {isa = PBXFileReference; lastKnownFileType = text.plist.xml; path = Info.plist; sourceTree = "<group>"; };
		40348D8E2462089D00D28898 /* GigsTableViewController.swift */ = {isa = PBXFileReference; lastKnownFileType = sourcecode.swift; path = GigsTableViewController.swift; sourceTree = "<group>"; };
		406B2E42246217E400E593D3 /* LoginViewController.swift */ = {isa = PBXFileReference; lastKnownFileType = sourcecode.swift; path = LoginViewController.swift; sourceTree = "<group>"; };
		406B2E442462185A00E593D3 /* GigDetailViewController.swift */ = {isa = PBXFileReference; lastKnownFileType = sourcecode.swift; path = GigDetailViewController.swift; sourceTree = "<group>"; };
		406B2E472462198200E593D3 /* GigController.swift */ = {isa = PBXFileReference; lastKnownFileType = sourcecode.swift; path = GigController.swift; sourceTree = "<group>"; };
		406B2E4924621A3700E593D3 /* Bearer.swift */ = {isa = PBXFileReference; lastKnownFileType = sourcecode.swift; path = Bearer.swift; sourceTree = "<group>"; };
		406B2E4B24621AA300E593D3 /* User.swift */ = {isa = PBXFileReference; lastKnownFileType = sourcecode.swift; path = User.swift; sourceTree = "<group>"; };
		406B2E4D24621AB300E593D3 /* Gig.swift */ = {isa = PBXFileReference; lastKnownFileType = sourcecode.swift; path = Gig.swift; sourceTree = "<group>"; };
/* End PBXFileReference section */

/* Begin PBXFrameworksBuildPhase section */
		40348D74246204D300D28898 /* Frameworks */ = {
			isa = PBXFrameworksBuildPhase;
			buildActionMask = 2147483647;
			files = (
			);
			runOnlyForDeploymentPostprocessing = 0;
		};
/* End PBXFrameworksBuildPhase section */

/* Begin PBXGroup section */
		40348D6E246204D200D28898 = {
			isa = PBXGroup;
			children = (
				40348D79246204D300D28898 /* Gigs1 */,
				40348D78246204D300D28898 /* Products */,
			);
			sourceTree = "<group>";
		};
		40348D78246204D300D28898 /* Products */ = {
			isa = PBXGroup;
			children = (
				40348D77246204D300D28898 /* Gigs1.app */,
			);
			name = Products;
			sourceTree = "<group>";
		};
		40348D79246204D300D28898 /* Gigs1 */ = {
			isa = PBXGroup;
			children = (
				40348D7A246204D300D28898 /* AppDelegate.swift */,
				40348D7C246204D300D28898 /* SceneDelegate.swift */,
				40348D83246204D600D28898 /* Assets.xcassets */,
				40348D85246204D600D28898 /* LaunchScreen.storyboard */,
				40348D88246204D600D28898 /* Info.plist */,
				406B2E4F24621ACA00E593D3 /* Models */,
				406B2E5024621B4700E593D3 /* View */,
				406B2E462462187B00E593D3 /* ViewControllers */,
			);
			path = Gigs1;
			sourceTree = "<group>";
		};
		406B2E462462187B00E593D3 /* ViewControllers */ = {
			isa = PBXGroup;
			children = (
				40348D8E2462089D00D28898 /* GigsTableViewController.swift */,
				406B2E42246217E400E593D3 /* LoginViewController.swift */,
				406B2E442462185A00E593D3 /* GigDetailViewController.swift */,
				406B2E472462198200E593D3 /* GigController.swift */,
			);
			path = ViewControllers;
			sourceTree = "<group>";
		};
		406B2E4F24621ACA00E593D3 /* Models */ = {
			isa = PBXGroup;
			children = (
				406B2E4924621A3700E593D3 /* Bearer.swift */,
				406B2E4B24621AA300E593D3 /* User.swift */,
				406B2E4D24621AB300E593D3 /* Gig.swift */,
			);
			path = Models;
			sourceTree = "<group>";
		};
		406B2E5024621B4700E593D3 /* View */ = {
			isa = PBXGroup;
			children = (
				40348D80246204D300D28898 /* Main.storyboard */,
			);
			path = View;
			sourceTree = "<group>";
		};
/* End PBXGroup section */

/* Begin PBXNativeTarget section */
		40348D76246204D300D28898 /* Gigs1 */ = {
			isa = PBXNativeTarget;
			buildConfigurationList = 40348D8B246204D600D28898 /* Build configuration list for PBXNativeTarget "Gigs1" */;
			buildPhases = (
				40348D73246204D300D28898 /* Sources */,
				40348D74246204D300D28898 /* Frameworks */,
				40348D75246204D300D28898 /* Resources */,
			);
			buildRules = (
			);
			dependencies = (
			);
			name = Gigs1;
			productName = Gigs1;
			productReference = 40348D77246204D300D28898 /* Gigs1.app */;
			productType = "com.apple.product-type.application";
		};
/* End PBXNativeTarget section */

/* Begin PBXProject section */
		40348D6F246204D300D28898 /* Project object */ = {
			isa = PBXProject;
			attributes = {
				LastSwiftUpdateCheck = 1140;
				LastUpgradeCheck = 1140;
				ORGANIZATIONNAME = "Brian Rouse";
				TargetAttributes = {
					40348D76246204D300D28898 = {
						CreatedOnToolsVersion = 11.4;
					};
				};
			};
			buildConfigurationList = 40348D72246204D300D28898 /* Build configuration list for PBXProject "Gigs1" */;
			compatibilityVersion = "Xcode 9.3";
			developmentRegion = en;
			hasScannedForEncodings = 0;
			knownRegions = (
				en,
				Base,
			);
			mainGroup = 40348D6E246204D200D28898;
			productRefGroup = 40348D78246204D300D28898 /* Products */;
			projectDirPath = "";
			projectRoot = "";
			targets = (
				40348D76246204D300D28898 /* Gigs1 */,
			);
		};
/* End PBXProject section */

/* Begin PBXResourcesBuildPhase section */
		40348D75246204D300D28898 /* Resources */ = {
			isa = PBXResourcesBuildPhase;
			buildActionMask = 2147483647;
			files = (
				40348D87246204D600D28898 /* LaunchScreen.storyboard in Resources */,
				40348D84246204D600D28898 /* Assets.xcassets in Resources */,
				40348D82246204D300D28898 /* Main.storyboard in Resources */,
			);
			runOnlyForDeploymentPostprocessing = 0;
		};
/* End PBXResourcesBuildPhase section */

/* Begin PBXSourcesBuildPhase section */
		40348D73246204D300D28898 /* Sources */ = {
			isa = PBXSourcesBuildPhase;
			buildActionMask = 2147483647;
			files = (
				406B2E4A24621A3700E593D3 /* Bearer.swift in Sources */,
				406B2E482462198200E593D3 /* GigController.swift in Sources */,
				40348D8F2462089D00D28898 /* GigsTableViewController.swift in Sources */,
				40348D7B246204D300D28898 /* AppDelegate.swift in Sources */,
				406B2E4C24621AA300E593D3 /* User.swift in Sources */,
				406B2E452462185A00E593D3 /* GigDetailViewController.swift in Sources */,
				406B2E43246217E400E593D3 /* LoginViewController.swift in Sources */,
				40348D7D246204D300D28898 /* SceneDelegate.swift in Sources */,
				406B2E4E24621AB300E593D3 /* Gig.swift in Sources */,
			);
			runOnlyForDeploymentPostprocessing = 0;
		};
/* End PBXSourcesBuildPhase section */

/* Begin PBXVariantGroup section */
		40348D80246204D300D28898 /* Main.storyboard */ = {
			isa = PBXVariantGroup;
			children = (
				40348D81246204D300D28898 /* Base */,
			);
			name = Main.storyboard;
			sourceTree = "<group>";
		};
		40348D85246204D600D28898 /* LaunchScreen.storyboard */ = {
			isa = PBXVariantGroup;
			children = (
				40348D86246204D600D28898 /* Base */,
			);
			name = LaunchScreen.storyboard;
			sourceTree = "<group>";
		};
/* End PBXVariantGroup section */

/* Begin XCBuildConfiguration section */
		40348D89246204D600D28898 /* Debug */ = {
			isa = XCBuildConfiguration;
			buildSettings = {
				ALWAYS_SEARCH_USER_PATHS = NO;
				CLANG_ANALYZER_NONNULL = YES;
				CLANG_ANALYZER_NUMBER_OBJECT_CONVERSION = YES_AGGRESSIVE;
				CLANG_CXX_LANGUAGE_STANDARD = "gnu++14";
				CLANG_CXX_LIBRARY = "libc++";
				CLANG_ENABLE_MODULES = YES;
				CLANG_ENABLE_OBJC_ARC = YES;
				CLANG_ENABLE_OBJC_WEAK = YES;
				CLANG_WARN_BLOCK_CAPTURE_AUTORELEASING = YES;
				CLANG_WARN_BOOL_CONVERSION = YES;
				CLANG_WARN_COMMA = YES;
				CLANG_WARN_CONSTANT_CONVERSION = YES;
				CLANG_WARN_DEPRECATED_OBJC_IMPLEMENTATIONS = YES;
				CLANG_WARN_DIRECT_OBJC_ISA_USAGE = YES_ERROR;
				CLANG_WARN_DOCUMENTATION_COMMENTS = YES;
				CLANG_WARN_EMPTY_BODY = YES;
				CLANG_WARN_ENUM_CONVERSION = YES;
				CLANG_WARN_INFINITE_RECURSION = YES;
				CLANG_WARN_INT_CONVERSION = YES;
				CLANG_WARN_NON_LITERAL_NULL_CONVERSION = YES;
				CLANG_WARN_OBJC_IMPLICIT_RETAIN_SELF = YES;
				CLANG_WARN_OBJC_LITERAL_CONVERSION = YES;
				CLANG_WARN_OBJC_ROOT_CLASS = YES_ERROR;
				CLANG_WARN_RANGE_LOOP_ANALYSIS = YES;
				CLANG_WARN_STRICT_PROTOTYPES = YES;
				CLANG_WARN_SUSPICIOUS_MOVE = YES;
				CLANG_WARN_UNGUARDED_AVAILABILITY = YES_AGGRESSIVE;
				CLANG_WARN_UNREACHABLE_CODE = YES;
				CLANG_WARN__DUPLICATE_METHOD_MATCH = YES;
				COPY_PHASE_STRIP = NO;
				DEBUG_INFORMATION_FORMAT = dwarf;
				ENABLE_STRICT_OBJC_MSGSEND = YES;
				ENABLE_TESTABILITY = YES;
				GCC_C_LANGUAGE_STANDARD = gnu11;
				GCC_DYNAMIC_NO_PIC = NO;
				GCC_NO_COMMON_BLOCKS = YES;
				GCC_OPTIMIZATION_LEVEL = 0;
				GCC_PREPROCESSOR_DEFINITIONS = (
					"DEBUG=1",
					"$(inherited)",
				);
				GCC_WARN_64_TO_32_BIT_CONVERSION = YES;
				GCC_WARN_ABOUT_RETURN_TYPE = YES_ERROR;
				GCC_WARN_UNDECLARED_SELECTOR = YES;
				GCC_WARN_UNINITIALIZED_AUTOS = YES_AGGRESSIVE;
				GCC_WARN_UNUSED_FUNCTION = YES;
				GCC_WARN_UNUSED_VARIABLE = YES;
				IPHONEOS_DEPLOYMENT_TARGET = 13.4;
				MTL_ENABLE_DEBUG_INFO = INCLUDE_SOURCE;
				MTL_FAST_MATH = YES;
				ONLY_ACTIVE_ARCH = YES;
				SDKROOT = iphoneos;
				SWIFT_ACTIVE_COMPILATION_CONDITIONS = DEBUG;
				SWIFT_OPTIMIZATION_LEVEL = "-Onone";
			};
			name = Debug;
		};
		40348D8A246204D600D28898 /* Release */ = {
			isa = XCBuildConfiguration;
			buildSettings = {
				ALWAYS_SEARCH_USER_PATHS = NO;
				CLANG_ANALYZER_NONNULL = YES;
				CLANG_ANALYZER_NUMBER_OBJECT_CONVERSION = YES_AGGRESSIVE;
				CLANG_CXX_LANGUAGE_STANDARD = "gnu++14";
				CLANG_CXX_LIBRARY = "libc++";
				CLANG_ENABLE_MODULES = YES;
				CLANG_ENABLE_OBJC_ARC = YES;
				CLANG_ENABLE_OBJC_WEAK = YES;
				CLANG_WARN_BLOCK_CAPTURE_AUTORELEASING = YES;
				CLANG_WARN_BOOL_CONVERSION = YES;
				CLANG_WARN_COMMA = YES;
				CLANG_WARN_CONSTANT_CONVERSION = YES;
				CLANG_WARN_DEPRECATED_OBJC_IMPLEMENTATIONS = YES;
				CLANG_WARN_DIRECT_OBJC_ISA_USAGE = YES_ERROR;
				CLANG_WARN_DOCUMENTATION_COMMENTS = YES;
				CLANG_WARN_EMPTY_BODY = YES;
				CLANG_WARN_ENUM_CONVERSION = YES;
				CLANG_WARN_INFINITE_RECURSION = YES;
				CLANG_WARN_INT_CONVERSION = YES;
				CLANG_WARN_NON_LITERAL_NULL_CONVERSION = YES;
				CLANG_WARN_OBJC_IMPLICIT_RETAIN_SELF = YES;
				CLANG_WARN_OBJC_LITERAL_CONVERSION = YES;
				CLANG_WARN_OBJC_ROOT_CLASS = YES_ERROR;
				CLANG_WARN_RANGE_LOOP_ANALYSIS = YES;
				CLANG_WARN_STRICT_PROTOTYPES = YES;
				CLANG_WARN_SUSPICIOUS_MOVE = YES;
				CLANG_WARN_UNGUARDED_AVAILABILITY = YES_AGGRESSIVE;
				CLANG_WARN_UNREACHABLE_CODE = YES;
				CLANG_WARN__DUPLICATE_METHOD_MATCH = YES;
				COPY_PHASE_STRIP = NO;
				DEBUG_INFORMATION_FORMAT = "dwarf-with-dsym";
				ENABLE_NS_ASSERTIONS = NO;
				ENABLE_STRICT_OBJC_MSGSEND = YES;
				GCC_C_LANGUAGE_STANDARD = gnu11;
				GCC_NO_COMMON_BLOCKS = YES;
				GCC_WARN_64_TO_32_BIT_CONVERSION = YES;
				GCC_WARN_ABOUT_RETURN_TYPE = YES_ERROR;
				GCC_WARN_UNDECLARED_SELECTOR = YES;
				GCC_WARN_UNINITIALIZED_AUTOS = YES_AGGRESSIVE;
				GCC_WARN_UNUSED_FUNCTION = YES;
				GCC_WARN_UNUSED_VARIABLE = YES;
				IPHONEOS_DEPLOYMENT_TARGET = 13.4;
				MTL_ENABLE_DEBUG_INFO = NO;
				MTL_FAST_MATH = YES;
				SDKROOT = iphoneos;
				SWIFT_COMPILATION_MODE = wholemodule;
				SWIFT_OPTIMIZATION_LEVEL = "-O";
				VALIDATE_PRODUCT = YES;
			};
			name = Release;
		};
		40348D8C246204D600D28898 /* Debug */ = {
			isa = XCBuildConfiguration;
			buildSettings = {
				ASSETCATALOG_COMPILER_APPICON_NAME = AppIcon;
				CODE_SIGN_STYLE = Automatic;
				DEVELOPMENT_TEAM = V4Y5L9JJ7W;
				INFOPLIST_FILE = Gigs1/Info.plist;
				LD_RUNPATH_SEARCH_PATHS = (
					"$(inherited)",
					"@executable_path/Frameworks",
				);
				PRODUCT_BUNDLE_IDENTIFIER = BRouse.Gigs1;
				PRODUCT_NAME = "$(TARGET_NAME)";
				SWIFT_VERSION = 5.0;
				TARGETED_DEVICE_FAMILY = "1,2";
			};
			name = Debug;
		};
		40348D8D246204D600D28898 /* Release */ = {
			isa = XCBuildConfiguration;
			buildSettings = {
				ASSETCATALOG_COMPILER_APPICON_NAME = AppIcon;
				CODE_SIGN_STYLE = Automatic;
				DEVELOPMENT_TEAM = V4Y5L9JJ7W;
				INFOPLIST_FILE = Gigs1/Info.plist;
				LD_RUNPATH_SEARCH_PATHS = (
					"$(inherited)",
					"@executable_path/Frameworks",
				);
				PRODUCT_BUNDLE_IDENTIFIER = BRouse.Gigs1;
				PRODUCT_NAME = "$(TARGET_NAME)";
				SWIFT_VERSION = 5.0;
				TARGETED_DEVICE_FAMILY = "1,2";
			};
			name = Release;
		};
/* End XCBuildConfiguration section */

/* Begin XCConfigurationList section */
		40348D72246204D300D28898 /* Build configuration list for PBXProject "Gigs1" */ = {
			isa = XCConfigurationList;
			buildConfigurations = (
				40348D89246204D600D28898 /* Debug */,
				40348D8A246204D600D28898 /* Release */,
			);
			defaultConfigurationIsVisible = 0;
			defaultConfigurationName = Release;
		};
		40348D8B246204D600D28898 /* Build configuration list for PBXNativeTarget "Gigs1" */ = {
			isa = XCConfigurationList;
			buildConfigurations = (
				40348D8C246204D600D28898 /* Debug */,
				40348D8D246204D600D28898 /* Release */,
			);
			defaultConfigurationIsVisible = 0;
			defaultConfigurationName = Release;
		};
/* End XCConfigurationList section */
	};
	rootObject = 40348D6F246204D300D28898 /* Project object */;
}
