// !$*UTF8*$!
{
	archiveVersion = 1;
	classes = {
	};
	objectVersion = 50;
	objects = {

/* Begin PBXBuildFile section */
		1D9878E3243F5E2100913E69 /* GigDetailViewController.swift in Sources */ = {isa = PBXBuildFile; fileRef = 1D9878E2243F5E2100913E69 /* GigDetailViewController.swift */; };
		1DDE0C8E243D35B00052E987 /* AppDelegate.swift in Sources */ = {isa = PBXBuildFile; fileRef = 1DDE0C8D243D35B00052E987 /* AppDelegate.swift */; };
		1DDE0C90243D35B00052E987 /* SceneDelegate.swift in Sources */ = {isa = PBXBuildFile; fileRef = 1DDE0C8F243D35B00052E987 /* SceneDelegate.swift */; };
		1DDE0C95243D35B00052E987 /* Main.storyboard in Resources */ = {isa = PBXBuildFile; fileRef = 1DDE0C93243D35B00052E987 /* Main.storyboard */; };
		1DDE0C97243D35B20052E987 /* Assets.xcassets in Resources */ = {isa = PBXBuildFile; fileRef = 1DDE0C96243D35B20052E987 /* Assets.xcassets */; };
		1DDE0C9A243D35B20052E987 /* LaunchScreen.storyboard in Resources */ = {isa = PBXBuildFile; fileRef = 1DDE0C98243D35B20052E987 /* LaunchScreen.storyboard */; };
		1DDE0CA6243D3C390052E987 /* GigsTableViewController.swift in Sources */ = {isa = PBXBuildFile; fileRef = 1DDE0CA5243D3C390052E987 /* GigsTableViewController.swift */; };
		1DDE0CA8243D43CC0052E987 /* LoginViewController.swift in Sources */ = {isa = PBXBuildFile; fileRef = 1DDE0CA7243D43CC0052E987 /* LoginViewController.swift */; };
		1DDE0CAD243D539C0052E987 /* Bearer.swift in Sources */ = {isa = PBXBuildFile; fileRef = 1DDE0CAC243D539C0052E987 /* Bearer.swift */; };
		1DDE0CAF243D6C110052E987 /* User.swift in Sources */ = {isa = PBXBuildFile; fileRef = 1DDE0CAE243D6C110052E987 /* User.swift */; };
		1DDE0CB2243D6CC30052E987 /* GigController.swift in Sources */ = {isa = PBXBuildFile; fileRef = 1DDE0CB1243D6CC30052E987 /* GigController.swift */; };
/* End PBXBuildFile section */

/* Begin PBXFileReference section */
		1D9878E2243F5E2100913E69 /* GigDetailViewController.swift */ = {isa = PBXFileReference; lastKnownFileType = sourcecode.swift; path = GigDetailViewController.swift; sourceTree = "<group>"; };
		1DDE0C8A243D35B00052E987 /* ios-gigs.app */ = {isa = PBXFileReference; explicitFileType = wrapper.application; includeInIndex = 0; path = "ios-gigs.app"; sourceTree = BUILT_PRODUCTS_DIR; };
		1DDE0C8D243D35B00052E987 /* AppDelegate.swift */ = {isa = PBXFileReference; lastKnownFileType = sourcecode.swift; path = AppDelegate.swift; sourceTree = "<group>"; };
		1DDE0C8F243D35B00052E987 /* SceneDelegate.swift */ = {isa = PBXFileReference; lastKnownFileType = sourcecode.swift; path = SceneDelegate.swift; sourceTree = "<group>"; };
		1DDE0C94243D35B00052E987 /* Base */ = {isa = PBXFileReference; lastKnownFileType = file.storyboard; name = Base; path = Base.lproj/Main.storyboard; sourceTree = "<group>"; };
		1DDE0C96243D35B20052E987 /* Assets.xcassets */ = {isa = PBXFileReference; lastKnownFileType = folder.assetcatalog; path = Assets.xcassets; sourceTree = "<group>"; };
		1DDE0C99243D35B20052E987 /* Base */ = {isa = PBXFileReference; lastKnownFileType = file.storyboard; name = Base; path = Base.lproj/LaunchScreen.storyboard; sourceTree = "<group>"; };
		1DDE0C9B243D35B20052E987 /* Info.plist */ = {isa = PBXFileReference; lastKnownFileType = text.plist.xml; path = Info.plist; sourceTree = "<group>"; };
		1DDE0CA5243D3C390052E987 /* GigsTableViewController.swift */ = {isa = PBXFileReference; lastKnownFileType = sourcecode.swift; path = GigsTableViewController.swift; sourceTree = "<group>"; };
		1DDE0CA7243D43CC0052E987 /* LoginViewController.swift */ = {isa = PBXFileReference; lastKnownFileType = sourcecode.swift; path = LoginViewController.swift; sourceTree = "<group>"; };
		1DDE0CAC243D539C0052E987 /* Bearer.swift */ = {isa = PBXFileReference; lastKnownFileType = sourcecode.swift; path = Bearer.swift; sourceTree = "<group>"; };
		1DDE0CAE243D6C110052E987 /* User.swift */ = {isa = PBXFileReference; lastKnownFileType = sourcecode.swift; path = User.swift; sourceTree = "<group>"; };
		1DDE0CB1243D6CC30052E987 /* GigController.swift */ = {isa = PBXFileReference; lastKnownFileType = sourcecode.swift; path = GigController.swift; sourceTree = "<group>"; };
/* End PBXFileReference section */

/* Begin PBXFrameworksBuildPhase section */
		1DDE0C87243D35B00052E987 /* Frameworks */ = {
			isa = PBXFrameworksBuildPhase;
			buildActionMask = 2147483647;
			files = (
			);
			runOnlyForDeploymentPostprocessing = 0;
		};
/* End PBXFrameworksBuildPhase section */

/* Begin PBXGroup section */
		1DDE0C81243D35B00052E987 = {
			isa = PBXGroup;
			children = (
				1DDE0C8C243D35B00052E987 /* ios-gigs */,
				1DDE0C8B243D35B00052E987 /* Products */,
			);
			sourceTree = "<group>";
		};
		1DDE0C8B243D35B00052E987 /* Products */ = {
			isa = PBXGroup;
			children = (
				1DDE0C8A243D35B00052E987 /* ios-gigs.app */,
			);
			name = Products;
			sourceTree = "<group>";
		};
		1DDE0C8C243D35B00052E987 /* ios-gigs */ = {
			isa = PBXGroup;
			children = (
				1DDE0CA4243D35F00052E987 /* App */,
				1DDE0CAB243D53820052E987 /* Models */,
				1DDE0CB0243D6C8E0052E987 /* Controllers */,
				1DDE0CA3243D35E40052E987 /* View Controllers */,
				1DDE0CA2243D35D80052E987 /* Storyboards */,
				1DDE0CA1243D35B90052E987 /* Supporting Files */,
			);
			path = "ios-gigs";
			sourceTree = "<group>";
		};
		1DDE0CA1243D35B90052E987 /* Supporting Files */ = {
			isa = PBXGroup;
			children = (
				1DDE0C96243D35B20052E987 /* Assets.xcassets */,
				1DDE0C9B243D35B20052E987 /* Info.plist */,
			);
			name = "Supporting Files";
			sourceTree = "<group>";
		};
		1DDE0CA2243D35D80052E987 /* Storyboards */ = {
			isa = PBXGroup;
			children = (
				1DDE0C93243D35B00052E987 /* Main.storyboard */,
				1DDE0C98243D35B20052E987 /* LaunchScreen.storyboard */,
			);
			name = Storyboards;
			sourceTree = "<group>";
		};
		1DDE0CA3243D35E40052E987 /* View Controllers */ = {
			isa = PBXGroup;
			children = (
				1DDE0CA5243D3C390052E987 /* GigsTableViewController.swift */,
				1DDE0CA7243D43CC0052E987 /* LoginViewController.swift */,
				1D9878E2243F5E2100913E69 /* GigDetailViewController.swift */,
			);
			name = "View Controllers";
			sourceTree = "<group>";
		};
		1DDE0CA4243D35F00052E987 /* App */ = {
			isa = PBXGroup;
			children = (
				1DDE0C8D243D35B00052E987 /* AppDelegate.swift */,
				1DDE0C8F243D35B00052E987 /* SceneDelegate.swift */,
			);
			name = App;
			sourceTree = "<group>";
		};
		1DDE0CAB243D53820052E987 /* Models */ = {
			isa = PBXGroup;
			children = (
				1DDE0CAC243D539C0052E987 /* Bearer.swift */,
				1DDE0CAE243D6C110052E987 /* User.swift */,
			);
			name = Models;
			sourceTree = "<group>";
		};
		1DDE0CB0243D6C8E0052E987 /* Controllers */ = {
			isa = PBXGroup;
			children = (
				1DDE0CB1243D6CC30052E987 /* GigController.swift */,
			);
			name = Controllers;
			sourceTree = "<group>";
		};
/* End PBXGroup section */

/* Begin PBXNativeTarget section */
		1DDE0C89243D35B00052E987 /* ios-gigs */ = {
			isa = PBXNativeTarget;
			buildConfigurationList = 1DDE0C9E243D35B20052E987 /* Build configuration list for PBXNativeTarget "ios-gigs" */;
			buildPhases = (
				1DDE0C86243D35B00052E987 /* Sources */,
				1DDE0C87243D35B00052E987 /* Frameworks */,
				1DDE0C88243D35B00052E987 /* Resources */,
			);
			buildRules = (
			);
			dependencies = (
			);
			name = "ios-gigs";
			productName = "ios-gigs";
			productReference = 1DDE0C8A243D35B00052E987 /* ios-gigs.app */;
			productType = "com.apple.product-type.application";
		};
/* End PBXNativeTarget section */

/* Begin PBXProject section */
		1DDE0C82243D35B00052E987 /* Project object */ = {
			isa = PBXProject;
			attributes = {
				LastSwiftUpdateCheck = 1140;
				LastUpgradeCheck = 1140;
				ORGANIZATIONNAME = "Shawn James";
				TargetAttributes = {
					1DDE0C89243D35B00052E987 = {
						CreatedOnToolsVersion = 11.4;
					};
				};
			};
			buildConfigurationList = 1DDE0C85243D35B00052E987 /* Build configuration list for PBXProject "ios-gigs" */;
			compatibilityVersion = "Xcode 9.3";
			developmentRegion = en;
			hasScannedForEncodings = 0;
			knownRegions = (
				en,
				Base,
			);
			mainGroup = 1DDE0C81243D35B00052E987;
			productRefGroup = 1DDE0C8B243D35B00052E987 /* Products */;
			projectDirPath = "";
			projectRoot = "";
			targets = (
				1DDE0C89243D35B00052E987 /* ios-gigs */,
			);
		};
/* End PBXProject section */

/* Begin PBXResourcesBuildPhase section */
		1DDE0C88243D35B00052E987 /* Resources */ = {
			isa = PBXResourcesBuildPhase;
			buildActionMask = 2147483647;
			files = (
				1DDE0C9A243D35B20052E987 /* LaunchScreen.storyboard in Resources */,
				1DDE0C97243D35B20052E987 /* Assets.xcassets in Resources */,
				1DDE0C95243D35B00052E987 /* Main.storyboard in Resources */,
			);
			runOnlyForDeploymentPostprocessing = 0;
		};
/* End PBXResourcesBuildPhase section */

/* Begin PBXSourcesBuildPhase section */
		1DDE0C86243D35B00052E987 /* Sources */ = {
			isa = PBXSourcesBuildPhase;
			buildActionMask = 2147483647;
			files = (
				1DDE0CAD243D539C0052E987 /* Bearer.swift in Sources */,
				1D9878E3243F5E2100913E69 /* GigDetailViewController.swift in Sources */,
				1DDE0CB2243D6CC30052E987 /* GigController.swift in Sources */,
				1DDE0CA8243D43CC0052E987 /* LoginViewController.swift in Sources */,
				1DDE0CAF243D6C110052E987 /* User.swift in Sources */,
				1DDE0C8E243D35B00052E987 /* AppDelegate.swift in Sources */,
				1DDE0C90243D35B00052E987 /* SceneDelegate.swift in Sources */,
				1DDE0CA6243D3C390052E987 /* GigsTableViewController.swift in Sources */,
			);
			runOnlyForDeploymentPostprocessing = 0;
		};
/* End PBXSourcesBuildPhase section */

/* Begin PBXVariantGroup section */
		1DDE0C93243D35B00052E987 /* Main.storyboard */ = {
			isa = PBXVariantGroup;
			children = (
				1DDE0C94243D35B00052E987 /* Base */,
			);
			name = Main.storyboard;
			sourceTree = "<group>";
		};
		1DDE0C98243D35B20052E987 /* LaunchScreen.storyboard */ = {
			isa = PBXVariantGroup;
			children = (
				1DDE0C99243D35B20052E987 /* Base */,
			);
			name = LaunchScreen.storyboard;
			sourceTree = "<group>";
		};
/* End PBXVariantGroup section */

/* Begin XCBuildConfiguration section */
		1DDE0C9C243D35B20052E987 /* Debug */ = {
			isa = XCBuildConfiguration;
			buildSettings = {
				ALWAYS_SEARCH_USER_PATHS = NO;
				CLANG_ANALYZER_NONNULL = YES;
				CLANG_ANALYZER_NUMBER_OBJECT_CONVERSION = YES_AGGRESSIVE;
				CLANG_CXX_LANGUAGE_STANDARD = "gnu++14";
				CLANG_CXX_LIBRARY = "libc++";
				CLANG_ENABLE_MODULES = YES;
				CLANG_ENABLE_OBJC_ARC = YES;
				CLANG_ENABLE_OBJC_WEAK = YES;
				CLANG_WARN_BLOCK_CAPTURE_AUTORELEASING = YES;
				CLANG_WARN_BOOL_CONVERSION = YES;
				CLANG_WARN_COMMA = YES;
				CLANG_WARN_CONSTANT_CONVERSION = YES;
				CLANG_WARN_DEPRECATED_OBJC_IMPLEMENTATIONS = YES;
				CLANG_WARN_DIRECT_OBJC_ISA_USAGE = YES_ERROR;
				CLANG_WARN_DOCUMENTATION_COMMENTS = YES;
				CLANG_WARN_EMPTY_BODY = YES;
				CLANG_WARN_ENUM_CONVERSION = YES;
				CLANG_WARN_INFINITE_RECURSION = YES;
				CLANG_WARN_INT_CONVERSION = YES;
				CLANG_WARN_NON_LITERAL_NULL_CONVERSION = YES;
				CLANG_WARN_OBJC_IMPLICIT_RETAIN_SELF = YES;
				CLANG_WARN_OBJC_LITERAL_CONVERSION = YES;
				CLANG_WARN_OBJC_ROOT_CLASS = YES_ERROR;
				CLANG_WARN_RANGE_LOOP_ANALYSIS = YES;
				CLANG_WARN_STRICT_PROTOTYPES = YES;
				CLANG_WARN_SUSPICIOUS_MOVE = YES;
				CLANG_WARN_UNGUARDED_AVAILABILITY = YES_AGGRESSIVE;
				CLANG_WARN_UNREACHABLE_CODE = YES;
				CLANG_WARN__DUPLICATE_METHOD_MATCH = YES;
				COPY_PHASE_STRIP = NO;
				DEBUG_INFORMATION_FORMAT = dwarf;
				ENABLE_STRICT_OBJC_MSGSEND = YES;
				ENABLE_TESTABILITY = YES;
				GCC_C_LANGUAGE_STANDARD = gnu11;
				GCC_DYNAMIC_NO_PIC = NO;
				GCC_NO_COMMON_BLOCKS = YES;
				GCC_OPTIMIZATION_LEVEL = 0;
				GCC_PREPROCESSOR_DEFINITIONS = (
					"DEBUG=1",
					"$(inherited)",
				);
				GCC_WARN_64_TO_32_BIT_CONVERSION = YES;
				GCC_WARN_ABOUT_RETURN_TYPE = YES_ERROR;
				GCC_WARN_UNDECLARED_SELECTOR = YES;
				GCC_WARN_UNINITIALIZED_AUTOS = YES_AGGRESSIVE;
				GCC_WARN_UNUSED_FUNCTION = YES;
				GCC_WARN_UNUSED_VARIABLE = YES;
				IPHONEOS_DEPLOYMENT_TARGET = 13.4;
				MTL_ENABLE_DEBUG_INFO = INCLUDE_SOURCE;
				MTL_FAST_MATH = YES;
				ONLY_ACTIVE_ARCH = YES;
				SDKROOT = iphoneos;
				SWIFT_ACTIVE_COMPILATION_CONDITIONS = DEBUG;
				SWIFT_OPTIMIZATION_LEVEL = "-Onone";
			};
			name = Debug;
		};
		1DDE0C9D243D35B20052E987 /* Release */ = {
			isa = XCBuildConfiguration;
			buildSettings = {
				ALWAYS_SEARCH_USER_PATHS = NO;
				CLANG_ANALYZER_NONNULL = YES;
				CLANG_ANALYZER_NUMBER_OBJECT_CONVERSION = YES_AGGRESSIVE;
				CLANG_CXX_LANGUAGE_STANDARD = "gnu++14";
				CLANG_CXX_LIBRARY = "libc++";
				CLANG_ENABLE_MODULES = YES;
				CLANG_ENABLE_OBJC_ARC = YES;
				CLANG_ENABLE_OBJC_WEAK = YES;
				CLANG_WARN_BLOCK_CAPTURE_AUTORELEASING = YES;
				CLANG_WARN_BOOL_CONVERSION = YES;
				CLANG_WARN_COMMA = YES;
				CLANG_WARN_CONSTANT_CONVERSION = YES;
				CLANG_WARN_DEPRECATED_OBJC_IMPLEMENTATIONS = YES;
				CLANG_WARN_DIRECT_OBJC_ISA_USAGE = YES_ERROR;
				CLANG_WARN_DOCUMENTATION_COMMENTS = YES;
				CLANG_WARN_EMPTY_BODY = YES;
				CLANG_WARN_ENUM_CONVERSION = YES;
				CLANG_WARN_INFINITE_RECURSION = YES;
				CLANG_WARN_INT_CONVERSION = YES;
				CLANG_WARN_NON_LITERAL_NULL_CONVERSION = YES;
				CLANG_WARN_OBJC_IMPLICIT_RETAIN_SELF = YES;
				CLANG_WARN_OBJC_LITERAL_CONVERSION = YES;
				CLANG_WARN_OBJC_ROOT_CLASS = YES_ERROR;
				CLANG_WARN_RANGE_LOOP_ANALYSIS = YES;
				CLANG_WARN_STRICT_PROTOTYPES = YES;
				CLANG_WARN_SUSPICIOUS_MOVE = YES;
				CLANG_WARN_UNGUARDED_AVAILABILITY = YES_AGGRESSIVE;
				CLANG_WARN_UNREACHABLE_CODE = YES;
				CLANG_WARN__DUPLICATE_METHOD_MATCH = YES;
				COPY_PHASE_STRIP = NO;
				DEBUG_INFORMATION_FORMAT = "dwarf-with-dsym";
				ENABLE_NS_ASSERTIONS = NO;
				ENABLE_STRICT_OBJC_MSGSEND = YES;
				GCC_C_LANGUAGE_STANDARD = gnu11;
				GCC_NO_COMMON_BLOCKS = YES;
				GCC_WARN_64_TO_32_BIT_CONVERSION = YES;
				GCC_WARN_ABOUT_RETURN_TYPE = YES_ERROR;
				GCC_WARN_UNDECLARED_SELECTOR = YES;
				GCC_WARN_UNINITIALIZED_AUTOS = YES_AGGRESSIVE;
				GCC_WARN_UNUSED_FUNCTION = YES;
				GCC_WARN_UNUSED_VARIABLE = YES;
				IPHONEOS_DEPLOYMENT_TARGET = 13.4;
				MTL_ENABLE_DEBUG_INFO = NO;
				MTL_FAST_MATH = YES;
				SDKROOT = iphoneos;
				SWIFT_COMPILATION_MODE = wholemodule;
				SWIFT_OPTIMIZATION_LEVEL = "-O";
				VALIDATE_PRODUCT = YES;
			};
			name = Release;
		};
		1DDE0C9F243D35B20052E987 /* Debug */ = {
			isa = XCBuildConfiguration;
			buildSettings = {
				ASSETCATALOG_COMPILER_APPICON_NAME = AppIcon;
				CODE_SIGN_STYLE = Automatic;
				DEVELOPMENT_TEAM = SKL49NTL5D;
				INFOPLIST_FILE = "ios-gigs/Info.plist";
				LD_RUNPATH_SEARCH_PATHS = (
					"$(inherited)",
					"@executable_path/Frameworks",
				);
				PRODUCT_BUNDLE_IDENTIFIER = "com.shawnjames.ios-gigs";
				PRODUCT_NAME = "$(TARGET_NAME)";
				SWIFT_VERSION = 5.0;
				TARGETED_DEVICE_FAMILY = "1,2";
			};
			name = Debug;
		};
		1DDE0CA0243D35B20052E987 /* Release */ = {
			isa = XCBuildConfiguration;
			buildSettings = {
				ASSETCATALOG_COMPILER_APPICON_NAME = AppIcon;
				CODE_SIGN_STYLE = Automatic;
				DEVELOPMENT_TEAM = SKL49NTL5D;
				INFOPLIST_FILE = "ios-gigs/Info.plist";
				LD_RUNPATH_SEARCH_PATHS = (
					"$(inherited)",
					"@executable_path/Frameworks",
				);
				PRODUCT_BUNDLE_IDENTIFIER = "com.shawnjames.ios-gigs";
				PRODUCT_NAME = "$(TARGET_NAME)";
				SWIFT_VERSION = 5.0;
				TARGETED_DEVICE_FAMILY = "1,2";
			};
			name = Release;
		};
/* End XCBuildConfiguration section */

/* Begin XCConfigurationList section */
		1DDE0C85243D35B00052E987 /* Build configuration list for PBXProject "ios-gigs" */ = {
			isa = XCConfigurationList;
			buildConfigurations = (
				1DDE0C9C243D35B20052E987 /* Debug */,
				1DDE0C9D243D35B20052E987 /* Release */,
			);
			defaultConfigurationIsVisible = 0;
			defaultConfigurationName = Release;
		};
		1DDE0C9E243D35B20052E987 /* Build configuration list for PBXNativeTarget "ios-gigs" */ = {
			isa = XCConfigurationList;
			buildConfigurations = (
				1DDE0C9F243D35B20052E987 /* Debug */,
				1DDE0CA0243D35B20052E987 /* Release */,
			);
			defaultConfigurationIsVisible = 0;
			defaultConfigurationName = Release;
		};
/* End XCConfigurationList section */
	};
	rootObject = 1DDE0C82243D35B00052E987 /* Project object */;
}
